{
    "_meta": {
        "hash": {
            "sha256": "62f571cf7411f53bf4f213bfaff80d3aeef676eaa8deb73145ae85107610fe0c"
        },
        "host-environment-markers": {
            "implementation_name": "cpython",
            "implementation_version": "3.6.5",
            "os_name": "posix",
            "platform_machine": "x86_64",
            "platform_python_implementation": "CPython",
            "platform_release": "17.6.0",
            "platform_system": "Darwin",
            "platform_version": "Darwin Kernel Version 17.6.0: Tue May  8 15:22:16 PDT 2018; root:xnu-4570.61.1~1/RELEASE_X86_64",
            "python_full_version": "3.6.5",
            "python_version": "3.6",
            "sys_platform": "darwin"
        },
        "pipfile-spec": 6,
        "requires": {
            "python_version": "3.6"
        },
        "sources": [
            {
                "name": "pypi",
                "url": "https://pypi.python.org/simple",
                "verify_ssl": true
            }
        ]
    },
    "default": {
        "certifi": {
            "hashes": [
                "sha256:9fa520c1bacfb634fa7af20a76bcbd3d5fb390481724c597da32c719a7dca4b0",
                "sha256:13e698f54293db9f89122b0581843a782ad0934a4fe0172d2a980ba77fc61bb7"
            ],
            "version": "==2018.4.16"
        },
        "chardet": {
            "hashes": [
                "sha256:fc323ffcaeaed0e0a02bf4d117757b98aed530d9ed4531e3e15460124c106691",
                "sha256:84ab92ed1c4d4f16916e05906b6b75a6c0fb5db821cc65e70cbd64a3e2a5eaae"
            ],
            "version": "==3.0.4"
        },
        "idna": {
            "hashes": [
                "sha256:156a6814fb5ac1fc6850fb002e0852d56c0c8d2531923a51032d1b70760e186e",
                "sha256:684a38a6f903c1d71d6d5fac066b58d7768af4de2b832e426ec79c30daa94a16"
            ],
            "version": "==2.7"
        },
        "neo4j-driver": {
            "hashes": [
                "sha256:77f9bba18167fa533b0f4caa1458b7523632756fc356677f4e2f10885106cf01"
            ],
            "version": "==1.6.1"
        },
        "neotime": {
            "hashes": [
                "sha256:849f2e7a67204d67d4cb57c523b6e1cf4d36baf105197294fee6585e76ebc632"
            ],
            "version": "==1.0.0"
        },
        "praw": {
            "hashes": [
                "sha256:e4196a2ec10b758785e293d2cf6f25c5f97c8021b9314fd81797492815639cbd",
                "sha256:04dc118381383dc5d2ae7a16e23d074fb42abe49659a9777828c062fc90780b7"
            ],
            "version": "==5.4.0"
        },
        "prawcore": {
            "hashes": [
                "sha256:a8b6fda0d1f8f3135e888e4257a4e338e9866c39262031cd5a8cb91f9024f64b",
                "sha256:cc5c32ee8c1d1de212ade0ea319a21d3448cb151cb1ccb7335ba76ca96cf8f37"
            ],
            "version": "==0.14.0"
        },
        "pytz": {
            "hashes": [
                "sha256:a061aa0a9e06881eb8b3b2b43f05b9439d6583c206d0a6c340ff72a7b6669053",
                "sha256:ffb9ef1de172603304d9d2819af6f5ece76f2e85ec10692a524dd876e72bf277"
            ],
            "version": "==2018.5"
        },
        "requests": {
            "hashes": [
                "sha256:63b52e3c866428a224f97cab011de738c36aec0185aa91cfacd418b5d58911d1",
                "sha256:ec22d826a36ed72a7358ff3fe56cbd4ba69dd7a6718ffd450ff0e9df7a47ce6a"
            ],
            "version": "==2.19.1"
        },
        "six": {
            "hashes": [
                "sha256:832dc0e10feb1aa2c68dcc57dbb658f1c7e65b9b61af69048abc87a2db00a0eb",
                "sha256:70e8a77beed4562e7f14fe23a786b54f6296e34344c23bc42f07b15018ff98e9"
            ],
            "version": "==1.11.0"
        },
        "update-checker": {
            "hashes": [
                "sha256:59cfad7f9a0ee99f95f1dfc60f55bf184937bcab46a7270341c2c33695572453",
                "sha256:70e39446fccf77b21192cf7a8214051fa93a636dc3b5c8b602b589d100a168b8"
            ],
            "version": "==0.16"
        },
        "urllib3": {
            "hashes": [
                "sha256:b5725a0bd4ba422ab0e66e89e030c806576753ea3ee08554382c14e685d117b5",
                "sha256:a68ac5e15e76e7e5dd2b8f94007233e01effe3e50e8daddf69acfd81cb686baf"
            ],
            "version": "==1.23"
        }
    },
    "develop": {}
}
